PODS:
  - GlossButtonNode (3.1.2):
    - Texture/Core (~> 3)
    - TextureSwiftSupport (>= 3.10.0)
  - Texture/Core (3.1.0)
  - TextureSwiftSupport (3.13.0):
    - Texture/Core (>= 3)
    - TextureSwiftSupport/Components (= 3.13.0)
    - TextureSwiftSupport/Experiments (= 3.13.0)
    - TextureSwiftSupport/Extensions (= 3.13.0)
    - TextureSwiftSupport/LayoutSpecBuilders (= 3.13.0)
  - TextureSwiftSupport/Components (3.13.0):
    - Texture/Core (>= 3)
    - TextureSwiftSupport/LayoutSpecBuilders
  - TextureSwiftSupport/Experiments (3.13.0):
    - Texture/Core (>= 3)
  - TextureSwiftSupport/Extensions (3.13.0):
    - Texture/Core (>= 3)
  - TextureSwiftSupport/LayoutSpecBuilders (3.13.0):
    - Texture/Core (>= 3)

DEPENDENCIES:
  - GlossButtonNode
  - TextureSwiftSupport

SPEC REPOS:
  trunk:
    - GlossButtonNode
    - Texture
    - TextureSwiftSupport

SPEC CHECKSUMS:
  GlossButtonNode: 4ea1197a744f2fb5fb875fe31caf17ded4762e8f
  Texture: 2e8ab2519452515f7f5a520f5a8f7e0a413abfa3
  TextureSwiftSupport: c515c7927fab92d0d9485f49b885b8c5de34fbfb

PODFILE CHECKSUM: 787ea9e94dcc44fc016511065ff31efe60570acc

COCOAPODS: 1.11.2
