// !$*UTF8*$!
{
	archiveVersion = 1;
	classes = {
	};
	objectVersion = 55;
	objects = {

/* Begin PBXBuildFile section */
		4B39D04F2752740100D013F4 /* StackScrollView in Frameworks */ = {isa = PBXBuildFile; productRef = 4B39D04E2752740100D013F4 /* StackScrollView */; };
		4B39D0512752745C00D013F4 /* DemoHorizontalViewController.swift in Sources */ = {isa = PBXBuildFile; fileRef = 4B39D0502752745C00D013F4 /* DemoHorizontalViewController.swift */; };
		4B39D0532752746600D013F4 /* DemoVerticalViewController.swift in Sources */ = {isa = PBXBuildFile; fileRef = 4B39D0522752746600D013F4 /* DemoVerticalViewController.swift */; };
		4B39D05527528A1900D013F4 /* DebuggingRefreshIndicatorView.swift in Sources */ = {isa = PBXBuildFile; fileRef = 4B39D05427528A1900D013F4 /* DebuggingRefreshIndicatorView.swift */; };
		4B39D05727528ACD00D013F4 /* Components.swift in Sources */ = {isa = PBXBuildFile; fileRef = 4B39D05627528ACD00D013F4 /* Components.swift */; };
		4B39D05927528B7800D013F4 /* UIControl+Closure.swift in Sources */ = {isa = PBXBuildFile; fileRef = 4B39D05827528B7800D013F4 /* UIControl+Closure.swift */; };
		4B39D05C275295F600D013F4 /* RevealServer.xcframework in Frameworks */ = {isa = PBXBuildFile; fileRef = 4B39D05A275295EE00D013F4 /* RevealServer.xcframework */; };
		4B39D05D275295F600D013F4 /* RevealServer.xcframework in Embed Frameworks */ = {isa = PBXBuildFile; fileRef = 4B39D05A275295EE00D013F4 /* RevealServer.xcframework */; settings = {ATTRIBUTES = (RemoveHeadersOnCopy, ); }; };
		4B39D05E2753942F00D013F4 /* DonutsIndicatorView.swift in Sources */ = {isa = PBXBuildFile; fileRef = 4B5E52E127515DE30075AE52 /* DonutsIndicatorView.swift */; };
		4B39D05F2753948300D013F4 /* ScrollEdgeActivityIndicatorView.swift in Sources */ = {isa = PBXBuildFile; fileRef = 4B5E52DF27515DC30075AE52 /* ScrollEdgeActivityIndicatorView.swift */; };
		4B5E52D527515C830075AE52 /* Book.swift in Sources */ = {isa = PBXBuildFile; fileRef = 4B5E52D427515C830075AE52 /* Book.swift */; };
		4B5E52D727515C900075AE52 /* BookContainerViewController.swift in Sources */ = {isa = PBXBuildFile; fileRef = 4B5E52D627515C900075AE52 /* BookContainerViewController.swift */; };
		4B5E52D827515CF20075AE52 /* ScrollEdgeControl.framework in Frameworks */ = {isa = PBXBuildFile; fileRef = 4BC42825275157080047A850 /* ScrollEdgeControl.framework */; };
		4B5E52D927515CF20075AE52 /* ScrollEdgeControl.framework in Embed Frameworks */ = {isa = PBXBuildFile; fileRef = 4BC42825275157080047A850 /* ScrollEdgeControl.framework */; settings = {ATTRIBUTES = (CodeSignOnCopy, RemoveHeadersOnCopy, ); }; };
		4B5E52E527515E0A0075AE52 /* MondrianLayout in Frameworks */ = {isa = PBXBuildFile; productRef = 4B5E52E427515E0A0075AE52 /* MondrianLayout */; };
		4B66215F27515AD100509356 /* TypedTextAttributes in Frameworks */ = {isa = PBXBuildFile; productRef = 4B66215E27515AD100509356 /* TypedTextAttributes */; };
		4B66216227515B1900509356 /* StorybookKit in Frameworks */ = {isa = PBXBuildFile; productRef = 4B66216127515B1900509356 /* StorybookKit */; };
		4B66216427515B1900509356 /* StorybookUI in Frameworks */ = {isa = PBXBuildFile; productRef = 4B66216327515B1900509356 /* StorybookUI */; };
		4BC42830275157320047A850 /* ScrollEdgeControl.swift in Sources */ = {isa = PBXBuildFile; fileRef = 4BC4282F275157320047A850 /* ScrollEdgeControl.swift */; };
		4BC42833275157C00047A850 /* Advance in Frameworks */ = {isa = PBXBuildFile; productRef = 4BC42832275157C00047A850 /* Advance */; };
		4BC4283B275158240047A850 /* AppDelegate.swift in Sources */ = {isa = PBXBuildFile; fileRef = 4BC4283A275158240047A850 /* AppDelegate.swift */; };
		4BC42844275158250047A850 /* Assets.xcassets in Resources */ = {isa = PBXBuildFile; fileRef = 4BC42843275158250047A850 /* Assets.xcassets */; };
		4BC42847275158250047A850 /* LaunchScreen.storyboard in Resources */ = {isa = PBXBuildFile; fileRef = 4BC42845275158250047A850 /* LaunchScreen.storyboard */; };
		4BC42850275158F80047A850 /* RxCocoa in Frameworks */ = {isa = PBXBuildFile; productRef = 4BC4284F275158F80047A850 /* RxCocoa */; };
		4BC42852275158F80047A850 /* RxRelay in Frameworks */ = {isa = PBXBuildFile; productRef = 4BC42851275158F80047A850 /* RxRelay */; };
		4BC42854275158F80047A850 /* RxSwift in Frameworks */ = {isa = PBXBuildFile; productRef = 4BC42853275158F80047A850 /* RxSwift */; };
/* End PBXBuildFile section */

/* Begin PBXContainerItemProxy section */
		4B5E52DA27515CF20075AE52 /* PBXContainerItemProxy */ = {
			isa = PBXContainerItemProxy;
			containerPortal = 4BC4281C275157080047A850 /* Project object */;
			proxyType = 1;
			remoteGlobalIDString = 4BC42824275157080047A850;
			remoteInfo = ScrollEdgeControl;
		};
/* End PBXContainerItemProxy section */

/* Begin PBXCopyFilesBuildPhase section */
		4B5E52DC27515CF20075AE52 /* Embed Frameworks */ = {
			isa = PBXCopyFilesBuildPhase;
			buildActionMask = 2147483647;
			dstPath = "";
			dstSubfolderSpec = 10;
			files = (
				4B5E52D927515CF20075AE52 /* ScrollEdgeControl.framework in Embed Frameworks */,
				4B39D05D275295F600D013F4 /* RevealServer.xcframework in Embed Frameworks */,
			);
			name = "Embed Frameworks";
			runOnlyForDeploymentPostprocessing = 0;
		};
/* End PBXCopyFilesBuildPhase section */

/* Begin PBXFileReference section */
		4B39D0502752745C00D013F4 /* DemoHorizontalViewController.swift */ = {isa = PBXFileReference; lastKnownFileType = sourcecode.swift; path = DemoHorizontalViewController.swift; sourceTree = "<group>"; };
		4B39D0522752746600D013F4 /* DemoVerticalViewController.swift */ = {isa = PBXFileReference; lastKnownFileType = sourcecode.swift; path = DemoVerticalViewController.swift; sourceTree = "<group>"; };
		4B39D05427528A1900D013F4 /* DebuggingRefreshIndicatorView.swift */ = {isa = PBXFileReference; lastKnownFileType = sourcecode.swift; path = DebuggingRefreshIndicatorView.swift; sourceTree = "<group>"; };
		4B39D05627528ACD00D013F4 /* Components.swift */ = {isa = PBXFileReference; lastKnownFileType = sourcecode.swift; path = Components.swift; sourceTree = "<group>"; };
		4B39D05827528B7800D013F4 /* UIControl+Closure.swift */ = {isa = PBXFileReference; lastKnownFileType = sourcecode.swift; path = "UIControl+Closure.swift"; sourceTree = "<group>"; };
		4B39D05A275295EE00D013F4 /* RevealServer.xcframework */ = {isa = PBXFileReference; lastKnownFileType = wrapper.xcframework; path = RevealServer.xcframework; sourceTree = "<group>"; };
		4B5E52D427515C830075AE52 /* Book.swift */ = {isa = PBXFileReference; lastKnownFileType = sourcecode.swift; path = Book.swift; sourceTree = "<group>"; };
		4B5E52D627515C900075AE52 /* BookContainerViewController.swift */ = {isa = PBXFileReference; lastKnownFileType = sourcecode.swift; path = BookContainerViewController.swift; sourceTree = "<group>"; };
		4B5E52DF27515DC30075AE52 /* ScrollEdgeActivityIndicatorView.swift */ = {isa = PBXFileReference; lastKnownFileType = sourcecode.swift; path = ScrollEdgeActivityIndicatorView.swift; sourceTree = "<group>"; };
		4B5E52E127515DE30075AE52 /* DonutsIndicatorView.swift */ = {isa = PBXFileReference; lastKnownFileType = sourcecode.swift; path = DonutsIndicatorView.swift; sourceTree = "<group>"; };
		4BC42825275157080047A850 /* ScrollEdgeControl.framework */ = {isa = PBXFileReference; explicitFileType = wrapper.framework; includeInIndex = 0; path = ScrollEdgeControl.framework; sourceTree = BUILT_PRODUCTS_DIR; };
		4BC4282F275157320047A850 /* ScrollEdgeControl.swift */ = {isa = PBXFileReference; lastKnownFileType = sourcecode.swift; path = ScrollEdgeControl.swift; sourceTree = "<group>"; };
		4BC42838275158240047A850 /* ScrollEdgeControl-Demo.app */ = {isa = PBXFileReference; explicitFileType = wrapper.application; includeInIndex = 0; path = "ScrollEdgeControl-Demo.app"; sourceTree = BUILT_PRODUCTS_DIR; };
		4BC4283A275158240047A850 /* AppDelegate.swift */ = {isa = PBXFileReference; lastKnownFileType = sourcecode.swift; path = AppDelegate.swift; sourceTree = "<group>"; };
		4BC42843275158250047A850 /* Assets.xcassets */ = {isa = PBXFileReference; lastKnownFileType = folder.assetcatalog; path = Assets.xcassets; sourceTree = "<group>"; };
		4BC42846275158250047A850 /* Base */ = {isa = PBXFileReference; lastKnownFileType = file.storyboard; name = Base; path = Base.lproj/LaunchScreen.storyboard; sourceTree = "<group>"; };
		4BC42848275158250047A850 /* Info.plist */ = {isa = PBXFileReference; lastKnownFileType = text.plist.xml; path = Info.plist; sourceTree = "<group>"; };
/* End PBXFileReference section */

/* Begin PBXFrameworksBuildPhase section */
		4BC42822275157080047A850 /* Frameworks */ = {
			isa = PBXFrameworksBuildPhase;
			buildActionMask = 2147483647;
			files = (
				4BC42833275157C00047A850 /* Advance in Frameworks */,
			);
			runOnlyForDeploymentPostprocessing = 0;
		};
		4BC42835275158240047A850 /* Frameworks */ = {
			isa = PBXFrameworksBuildPhase;
			buildActionMask = 2147483647;
			files = (
				4B66216227515B1900509356 /* StorybookKit in Frameworks */,
				4B39D05C275295F600D013F4 /* RevealServer.xcframework in Frameworks */,
				4BC42854275158F80047A850 /* RxSwift in Frameworks */,
				4B66215F27515AD100509356 /* TypedTextAttributes in Frameworks */,
				4BC42852275158F80047A850 /* RxRelay in Frameworks */,
				4B5E52D827515CF20075AE52 /* ScrollEdgeControl.framework in Frameworks */,
				4B39D04F2752740100D013F4 /* StackScrollView in Frameworks */,
				4BC42850275158F80047A850 /* RxCocoa in Frameworks */,
				4B5E52E527515E0A0075AE52 /* MondrianLayout in Frameworks */,
				4B66216427515B1900509356 /* StorybookUI in Frameworks */,
			);
			runOnlyForDeploymentPostprocessing = 0;
		};
/* End PBXFrameworksBuildPhase section */

/* Begin PBXGroup section */
		4B39D0602753948D00D013F4 /* Core */ = {
			isa = PBXGroup;
			children = (
				4BC4282F275157320047A850 /* ScrollEdgeControl.swift */,
			);
			path = Core;
			sourceTree = "<group>";
		};
		4B39D0612753949200D013F4 /* Library */ = {
			isa = PBXGroup;
			children = (
				4B5E52E127515DE30075AE52 /* DonutsIndicatorView.swift */,
				4B5E52DF27515DC30075AE52 /* ScrollEdgeActivityIndicatorView.swift */,
			);
			path = Library;
			sourceTree = "<group>";
		};
		4BC4281B275157080047A850 = {
			isa = PBXGroup;
			children = (
				4B39D05A275295EE00D013F4 /* RevealServer.xcframework */,
				4BC42827275157080047A850 /* ScrollEdgeControl */,
				4BC42839275158240047A850 /* ScrollEdgeControl-Demo */,
				4BC42826275157080047A850 /* Products */,
			);
			sourceTree = "<group>";
		};
		4BC42826275157080047A850 /* Products */ = {
			isa = PBXGroup;
			children = (
				4BC42825275157080047A850 /* ScrollEdgeControl.framework */,
				4BC42838275158240047A850 /* ScrollEdgeControl-Demo.app */,
			);
			name = Products;
			sourceTree = "<group>";
		};
		4BC42827275157080047A850 /* ScrollEdgeControl */ = {
			isa = PBXGroup;
			children = (
				4B39D0602753948D00D013F4 /* Core */,
				4B39D0612753949200D013F4 /* Library */,
			);
			path = ScrollEdgeControl;
			sourceTree = "<group>";
		};
		4BC42839275158240047A850 /* ScrollEdgeControl-Demo */ = {
			isa = PBXGroup;
			children = (
				4B39D05427528A1900D013F4 /* DebuggingRefreshIndicatorView.swift */,
				4B39D0502752745C00D013F4 /* DemoHorizontalViewController.swift */,
				4B39D0522752746600D013F4 /* DemoVerticalViewController.swift */,
				4BC4283A275158240047A850 /* AppDelegate.swift */,
				4B5E52D427515C830075AE52 /* Book.swift */,
				4B5E52D627515C900075AE52 /* BookContainerViewController.swift */,
				4BC42843275158250047A850 /* Assets.xcassets */,
				4BC42845275158250047A850 /* LaunchScreen.storyboard */,
				4BC42848275158250047A850 /* Info.plist */,
				4B39D05627528ACD00D013F4 /* Components.swift */,
				4B39D05827528B7800D013F4 /* UIControl+Closure.swift */,
			);
			path = "ScrollEdgeControl-Demo";
			sourceTree = "<group>";
		};
/* End PBXGroup section */

/* Begin PBXHeadersBuildPhase section */
		4BC42820275157080047A850 /* Headers */ = {
			isa = PBXHeadersBuildPhase;
			buildActionMask = 2147483647;
			files = (
			);
			runOnlyForDeploymentPostprocessing = 0;
		};
/* End PBXHeadersBuildPhase section */

/* Begin PBXNativeTarget section */
		4BC42824275157080047A850 /* ScrollEdgeControl */ = {
			isa = PBXNativeTarget;
			buildConfigurationList = 4BC4282C275157080047A850 /* Build configuration list for PBXNativeTarget "ScrollEdgeControl" */;
			buildPhases = (
				4BC42820275157080047A850 /* Headers */,
				4BC42821275157080047A850 /* Sources */,
				4BC42822275157080047A850 /* Frameworks */,
				4BC42823275157080047A850 /* Resources */,
			);
			buildRules = (
			);
			dependencies = (
			);
			name = ScrollEdgeControl;
			packageProductDependencies = (
				4BC42832275157C00047A850 /* Advance */,
			);
			productName = ScrollEdgeControl;
			productReference = 4BC42825275157080047A850 /* ScrollEdgeControl.framework */;
			productType = "com.apple.product-type.framework";
		};
		4BC42837275158240047A850 /* ScrollEdgeControl-Demo */ = {
			isa = PBXNativeTarget;
			buildConfigurationList = 4BC42849275158250047A850 /* Build configuration list for PBXNativeTarget "ScrollEdgeControl-Demo" */;
			buildPhases = (
				4BC42834275158240047A850 /* Sources */,
				4BC42835275158240047A850 /* Frameworks */,
				4BC42836275158240047A850 /* Resources */,
				4B5E52DC27515CF20075AE52 /* Embed Frameworks */,
			);
			buildRules = (
			);
			dependencies = (
				4B5E52DB27515CF20075AE52 /* PBXTargetDependency */,
			);
			name = "ScrollEdgeControl-Demo";
			packageProductDependencies = (
				4BC4284F275158F80047A850 /* RxCocoa */,
				4BC42851275158F80047A850 /* RxRelay */,
				4BC42853275158F80047A850 /* RxSwift */,
				4B66215E27515AD100509356 /* TypedTextAttributes */,
				4B66216127515B1900509356 /* StorybookKit */,
				4B66216327515B1900509356 /* StorybookUI */,
				4B5E52E427515E0A0075AE52 /* MondrianLayout */,
				4B39D04E2752740100D013F4 /* StackScrollView */,
			);
			productName = "ScrollEdgeControl-Demo";
			productReference = 4BC42838275158240047A850 /* ScrollEdgeControl-Demo.app */;
			productType = "com.apple.product-type.application";
		};
/* End PBXNativeTarget section */

/* Begin PBXProject section */
		4BC4281C275157080047A850 /* Project object */ = {
			isa = PBXProject;
			attributes = {
				BuildIndependentTargetsInParallel = 1;
				LastSwiftUpdateCheck = 1320;
				LastUpgradeCheck = 1320;
				TargetAttributes = {
					4BC42824275157080047A850 = {
						CreatedOnToolsVersion = 13.2;
					};
					4BC42837275158240047A850 = {
						CreatedOnToolsVersion = 13.2;
					};
				};
			};
			buildConfigurationList = 4BC4281F275157080047A850 /* Build configuration list for PBXProject "ScrollEdgeControl" */;
			compatibilityVersion = "Xcode 13.0";
			developmentRegion = en;
			hasScannedForEncodings = 0;
			knownRegions = (
				en,
				Base,
			);
			mainGroup = 4BC4281B275157080047A850;
			packageReferences = (
				4BC42831275157C00047A850 /* XCRemoteSwiftPackageReference "Advance" */,
				4BC4284E275158F80047A850 /* XCRemoteSwiftPackageReference "RxSwift" */,
				4B66215D27515AD100509356 /* XCRemoteSwiftPackageReference "TypedTextAttributes" */,
				4B66216027515B1800509356 /* XCRemoteSwiftPackageReference "Storybook-ios" */,
				4B5E52E327515E0A0075AE52 /* XCRemoteSwiftPackageReference "MondrianLayout" */,
				4B39D04D2752740000D013F4 /* XCRemoteSwiftPackageReference "StackScrollView" */,
			);
			productRefGroup = 4BC42826275157080047A850 /* Products */;
			projectDirPath = "";
			projectRoot = "";
			targets = (
				4BC42824275157080047A850 /* ScrollEdgeControl */,
				4BC42837275158240047A850 /* ScrollEdgeControl-Demo */,
			);
		};
/* End PBXProject section */

/* Begin PBXResourcesBuildPhase section */
		4BC42823275157080047A850 /* Resources */ = {
			isa = PBXResourcesBuildPhase;
			buildActionMask = 2147483647;
			files = (
			);
			runOnlyForDeploymentPostprocessing = 0;
		};
		4BC42836275158240047A850 /* Resources */ = {
			isa = PBXResourcesBuildPhase;
			buildActionMask = 2147483647;
			files = (
				4BC42847275158250047A850 /* LaunchScreen.storyboard in Resources */,
				4BC42844275158250047A850 /* Assets.xcassets in Resources */,
			);
			runOnlyForDeploymentPostprocessing = 0;
		};
/* End PBXResourcesBuildPhase section */

/* Begin PBXSourcesBuildPhase section */
		4BC42821275157080047A850 /* Sources */ = {
			isa = PBXSourcesBuildPhase;
			buildActionMask = 2147483647;
			files = (
				4BC42830275157320047A850 /* ScrollEdgeControl.swift in Sources */,
				4B39D05F2753948300D013F4 /* ScrollEdgeActivityIndicatorView.swift in Sources */,
				4B39D05E2753942F00D013F4 /* DonutsIndicatorView.swift in Sources */,
			);
			runOnlyForDeploymentPostprocessing = 0;
		};
		4BC42834275158240047A850 /* Sources */ = {
			isa = PBXSourcesBuildPhase;
			buildActionMask = 2147483647;
			files = (
				4BC4283B275158240047A850 /* AppDelegate.swift in Sources */,
				4B39D05927528B7800D013F4 /* UIControl+Closure.swift in Sources */,
				4B5E52D727515C900075AE52 /* BookContainerViewController.swift in Sources */,
				4B5E52D527515C830075AE52 /* Book.swift in Sources */,
				4B39D0532752746600D013F4 /* DemoVerticalViewController.swift in Sources */,
				4B39D05727528ACD00D013F4 /* Components.swift in Sources */,
				4B39D0512752745C00D013F4 /* DemoHorizontalViewController.swift in Sources */,
				4B39D05527528A1900D013F4 /* DebuggingRefreshIndicatorView.swift in Sources */,
			);
			runOnlyForDeploymentPostprocessing = 0;
		};
/* End PBXSourcesBuildPhase section */

/* Begin PBXTargetDependency section */
		4B5E52DB27515CF20075AE52 /* PBXTargetDependency */ = {
			isa = PBXTargetDependency;
			target = 4BC42824275157080047A850 /* ScrollEdgeControl */;
			targetProxy = 4B5E52DA27515CF20075AE52 /* PBXContainerItemProxy */;
		};
/* End PBXTargetDependency section */

/* Begin PBXVariantGroup section */
		4BC42845275158250047A850 /* LaunchScreen.storyboard */ = {
			isa = PBXVariantGroup;
			children = (
				4BC42846275158250047A850 /* Base */,
			);
			name = LaunchScreen.storyboard;
			sourceTree = "<group>";
		};
/* End PBXVariantGroup section */

/* Begin XCBuildConfiguration section */
		4BC4282A275157080047A850 /* Debug */ = {
			isa = XCBuildConfiguration;
			buildSettings = {
				ALWAYS_SEARCH_USER_PATHS = NO;
				CLANG_ANALYZER_NONNULL = YES;
				CLANG_ANALYZER_NUMBER_OBJECT_CONVERSION = YES_AGGRESSIVE;
				CLANG_CXX_LANGUAGE_STANDARD = "gnu++17";
				CLANG_CXX_LIBRARY = "libc++";
				CLANG_ENABLE_MODULES = YES;
				CLANG_ENABLE_OBJC_ARC = YES;
				CLANG_ENABLE_OBJC_WEAK = YES;
				CLANG_WARN_BLOCK_CAPTURE_AUTORELEASING = YES;
				CLANG_WARN_BOOL_CONVERSION = YES;
				CLANG_WARN_COMMA = YES;
				CLANG_WARN_CONSTANT_CONVERSION = YES;
				CLANG_WARN_DEPRECATED_OBJC_IMPLEMENTATIONS = YES;
				CLANG_WARN_DIRECT_OBJC_ISA_USAGE = YES_ERROR;
				CLANG_WARN_DOCUMENTATION_COMMENTS = YES;
				CLANG_WARN_EMPTY_BODY = YES;
				CLANG_WARN_ENUM_CONVERSION = YES;
				CLANG_WARN_INFINITE_RECURSION = YES;
				CLANG_WARN_INT_CONVERSION = YES;
				CLANG_WARN_NON_LITERAL_NULL_CONVERSION = YES;
				CLANG_WARN_OBJC_IMPLICIT_RETAIN_SELF = YES;
				CLANG_WARN_OBJC_LITERAL_CONVERSION = YES;
				CLANG_WARN_OBJC_ROOT_CLASS = YES_ERROR;
				CLANG_WARN_QUOTED_INCLUDE_IN_FRAMEWORK_HEADER = YES;
				CLANG_WARN_RANGE_LOOP_ANALYSIS = YES;
				CLANG_WARN_STRICT_PROTOTYPES = YES;
				CLANG_WARN_SUSPICIOUS_MOVE = YES;
				CLANG_WARN_UNGUARDED_AVAILABILITY = YES_AGGRESSIVE;
				CLANG_WARN_UNREACHABLE_CODE = YES;
				CLANG_WARN__DUPLICATE_METHOD_MATCH = YES;
				COPY_PHASE_STRIP = NO;
				CURRENT_PROJECT_VERSION = 1;
				DEBUG_INFORMATION_FORMAT = dwarf;
				ENABLE_STRICT_OBJC_MSGSEND = YES;
				ENABLE_TESTABILITY = YES;
				GCC_C_LANGUAGE_STANDARD = gnu11;
				GCC_DYNAMIC_NO_PIC = NO;
				GCC_NO_COMMON_BLOCKS = YES;
				GCC_OPTIMIZATION_LEVEL = 0;
				GCC_PREPROCESSOR_DEFINITIONS = (
					"DEBUG=1",
					"$(inherited)",
				);
				GCC_WARN_64_TO_32_BIT_CONVERSION = YES;
				GCC_WARN_ABOUT_RETURN_TYPE = YES_ERROR;
				GCC_WARN_UNDECLARED_SELECTOR = YES;
				GCC_WARN_UNINITIALIZED_AUTOS = YES_AGGRESSIVE;
				GCC_WARN_UNUSED_FUNCTION = YES;
				GCC_WARN_UNUSED_VARIABLE = YES;
				IPHONEOS_DEPLOYMENT_TARGET = 12;
				MTL_ENABLE_DEBUG_INFO = INCLUDE_SOURCE;
				MTL_FAST_MATH = YES;
				ONLY_ACTIVE_ARCH = YES;
				SDKROOT = iphoneos;
				SWIFT_ACTIVE_COMPILATION_CONDITIONS = DEBUG;
				SWIFT_OPTIMIZATION_LEVEL = "-Onone";
				VERSIONING_SYSTEM = "apple-generic";
				VERSION_INFO_PREFIX = "";
			};
			name = Debug;
		};
		4BC4282B275157080047A850 /* Release */ = {
			isa = XCBuildConfiguration;
			buildSettings = {
				ALWAYS_SEARCH_USER_PATHS = NO;
				CLANG_ANALYZER_NONNULL = YES;
				CLANG_ANALYZER_NUMBER_OBJECT_CONVERSION = YES_AGGRESSIVE;
				CLANG_CXX_LANGUAGE_STANDARD = "gnu++17";
				CLANG_CXX_LIBRARY = "libc++";
				CLANG_ENABLE_MODULES = YES;
				CLANG_ENABLE_OBJC_ARC = YES;
				CLANG_ENABLE_OBJC_WEAK = YES;
				CLANG_WARN_BLOCK_CAPTURE_AUTORELEASING = YES;
				CLANG_WARN_BOOL_CONVERSION = YES;
				CLANG_WARN_COMMA = YES;
				CLANG_WARN_CONSTANT_CONVERSION = YES;
				CLANG_WARN_DEPRECATED_OBJC_IMPLEMENTATIONS = YES;
				CLANG_WARN_DIRECT_OBJC_ISA_USAGE = YES_ERROR;
				CLANG_WARN_DOCUMENTATION_COMMENTS = YES;
				CLANG_WARN_EMPTY_BODY = YES;
				CLANG_WARN_ENUM_CONVERSION = YES;
				CLANG_WARN_INFINITE_RECURSION = YES;
				CLANG_WARN_INT_CONVERSION = YES;
				CLANG_WARN_NON_LITERAL_NULL_CONVERSION = YES;
				CLANG_WARN_OBJC_IMPLICIT_RETAIN_SELF = YES;
				CLANG_WARN_OBJC_LITERAL_CONVERSION = YES;
				CLANG_WARN_OBJC_ROOT_CLASS = YES_ERROR;
				CLANG_WARN_QUOTED_INCLUDE_IN_FRAMEWORK_HEADER = YES;
				CLANG_WARN_RANGE_LOOP_ANALYSIS = YES;
				CLANG_WARN_STRICT_PROTOTYPES = YES;
				CLANG_WARN_SUSPICIOUS_MOVE = YES;
				CLANG_WARN_UNGUARDED_AVAILABILITY = YES_AGGRESSIVE;
				CLANG_WARN_UNREACHABLE_CODE = YES;
				CLANG_WARN__DUPLICATE_METHOD_MATCH = YES;
				COPY_PHASE_STRIP = NO;
				CURRENT_PROJECT_VERSION = 1;
				DEBUG_INFORMATION_FORMAT = "dwarf-with-dsym";
				ENABLE_NS_ASSERTIONS = NO;
				ENABLE_STRICT_OBJC_MSGSEND = YES;
				GCC_C_LANGUAGE_STANDARD = gnu11;
				GCC_NO_COMMON_BLOCKS = YES;
				GCC_WARN_64_TO_32_BIT_CONVERSION = YES;
				GCC_WARN_ABOUT_RETURN_TYPE = YES_ERROR;
				GCC_WARN_UNDECLARED_SELECTOR = YES;
				GCC_WARN_UNINITIALIZED_AUTOS = YES_AGGRESSIVE;
				GCC_WARN_UNUSED_FUNCTION = YES;
				GCC_WARN_UNUSED_VARIABLE = YES;
				IPHONEOS_DEPLOYMENT_TARGET = 12;
				MTL_ENABLE_DEBUG_INFO = NO;
				MTL_FAST_MATH = YES;
				SDKROOT = iphoneos;
				SWIFT_COMPILATION_MODE = wholemodule;
				SWIFT_OPTIMIZATION_LEVEL = "-O";
				VALIDATE_PRODUCT = YES;
				VERSIONING_SYSTEM = "apple-generic";
				VERSION_INFO_PREFIX = "";
			};
			name = Release;
		};
		4BC4282D275157080047A850 /* Debug */ = {
			isa = XCBuildConfiguration;
			buildSettings = {
				CODE_SIGN_STYLE = Automatic;
				CURRENT_PROJECT_VERSION = 1;
				DEFINES_MODULE = YES;
				DYLIB_COMPATIBILITY_VERSION = 1;
				DYLIB_CURRENT_VERSION = 1;
				DYLIB_INSTALL_NAME_BASE = "@rpath";
				GENERATE_INFOPLIST_FILE = YES;
				INFOPLIST_KEY_NSHumanReadableCopyright = "";
				INSTALL_PATH = "$(LOCAL_LIBRARY_DIR)/Frameworks";
				LD_RUNPATH_SEARCH_PATHS = (
					"$(inherited)",
					"@executable_path/Frameworks",
					"@loader_path/Frameworks",
				);
				MARKETING_VERSION = 1.0;
				PRODUCT_BUNDLE_IDENTIFIER = jp.eure.ScrollEdgeControl;
				PRODUCT_NAME = "$(TARGET_NAME:c99extidentifier)";
				SKIP_INSTALL = YES;
				SWIFT_EMIT_LOC_STRINGS = YES;
				SWIFT_VERSION = 5.0;
				TARGETED_DEVICE_FAMILY = "1,2";
			};
			name = Debug;
		};
		4BC4282E275157080047A850 /* Release */ = {
			isa = XCBuildConfiguration;
			buildSettings = {
				CODE_SIGN_STYLE = Automatic;
				CURRENT_PROJECT_VERSION = 1;
				DEFINES_MODULE = YES;
				DYLIB_COMPATIBILITY_VERSION = 1;
				DYLIB_CURRENT_VERSION = 1;
				DYLIB_INSTALL_NAME_BASE = "@rpath";
				GENERATE_INFOPLIST_FILE = YES;
				INFOPLIST_KEY_NSHumanReadableCopyright = "";
				INSTALL_PATH = "$(LOCAL_LIBRARY_DIR)/Frameworks";
				LD_RUNPATH_SEARCH_PATHS = (
					"$(inherited)",
					"@executable_path/Frameworks",
					"@loader_path/Frameworks",
				);
				MARKETING_VERSION = 1.0;
				PRODUCT_BUNDLE_IDENTIFIER = jp.eure.ScrollEdgeControl;
				PRODUCT_NAME = "$(TARGET_NAME:c99extidentifier)";
				SKIP_INSTALL = YES;
				SWIFT_EMIT_LOC_STRINGS = YES;
				SWIFT_VERSION = 5.0;
				TARGETED_DEVICE_FAMILY = "1,2";
			};
			name = Release;
		};
		4BC4284A275158250047A850 /* Debug */ = {
			isa = XCBuildConfiguration;
			buildSettings = {
				ASSETCATALOG_COMPILER_APPICON_NAME = AppIcon;
				ASSETCATALOG_COMPILER_GLOBAL_ACCENT_COLOR_NAME = AccentColor;
				CODE_SIGN_STYLE = Automatic;
				CURRENT_PROJECT_VERSION = 1;
				GENERATE_INFOPLIST_FILE = YES;
				INFOPLIST_FILE = "ScrollEdgeControl-Demo/Info.plist";
				INFOPLIST_KEY_UIApplicationSupportsIndirectInputEvents = YES;
				INFOPLIST_KEY_UILaunchStoryboardName = LaunchScreen;
				INFOPLIST_KEY_UISupportedInterfaceOrientations = UIInterfaceOrientationPortrait;
				INFOPLIST_KEY_UISupportedInterfaceOrientations_iPad = "UIInterfaceOrientationPortrait UIInterfaceOrientationPortraitUpsideDown UIInterfaceOrientationLandscapeLeft UIInterfaceOrientationLandscapeRight";
				INFOPLIST_KEY_UISupportedInterfaceOrientations_iPhone = "UIInterfaceOrientationPortrait UIInterfaceOrientationLandscapeLeft UIInterfaceOrientationLandscapeRight";
				LD_RUNPATH_SEARCH_PATHS = (
					"$(inherited)",
					"@executable_path/Frameworks",
				);
				MARKETING_VERSION = 1.0;
				PRODUCT_BUNDLE_IDENTIFIER = "jp.eure.ScrollEdgeControl-Demo";
				PRODUCT_NAME = "$(TARGET_NAME)";
				SWIFT_EMIT_LOC_STRINGS = YES;
				SWIFT_VERSION = 5.0;
				TARGETED_DEVICE_FAMILY = "1,2";
			};
			name = Debug;
		};
		4BC4284B275158250047A850 /* Release */ = {
			isa = XCBuildConfiguration;
			buildSettings = {
				ASSETCATALOG_COMPILER_APPICON_NAME = AppIcon;
				ASSETCATALOG_COMPILER_GLOBAL_ACCENT_COLOR_NAME = AccentColor;
				CODE_SIGN_STYLE = Automatic;
				CURRENT_PROJECT_VERSION = 1;
				GENERATE_INFOPLIST_FILE = YES;
				INFOPLIST_FILE = "ScrollEdgeControl-Demo/Info.plist";
				INFOPLIST_KEY_UIApplicationSupportsIndirectInputEvents = YES;
				INFOPLIST_KEY_UILaunchStoryboardName = LaunchScreen;
				INFOPLIST_KEY_UISupportedInterfaceOrientations = UIInterfaceOrientationPortrait;
				INFOPLIST_KEY_UISupportedInterfaceOrientations_iPad = "UIInterfaceOrientationPortrait UIInterfaceOrientationPortraitUpsideDown UIInterfaceOrientationLandscapeLeft UIInterfaceOrientationLandscapeRight";
				INFOPLIST_KEY_UISupportedInterfaceOrientations_iPhone = "UIInterfaceOrientationPortrait UIInterfaceOrientationLandscapeLeft UIInterfaceOrientationLandscapeRight";
				LD_RUNPATH_SEARCH_PATHS = (
					"$(inherited)",
					"@executable_path/Frameworks",
				);
				MARKETING_VERSION = 1.0;
				PRODUCT_BUNDLE_IDENTIFIER = "jp.eure.ScrollEdgeControl-Demo";
				PRODUCT_NAME = "$(TARGET_NAME)";
				SWIFT_EMIT_LOC_STRINGS = YES;
				SWIFT_VERSION = 5.0;
				TARGETED_DEVICE_FAMILY = "1,2";
			};
			name = Release;
		};
/* End XCBuildConfiguration section */

/* Begin XCConfigurationList section */
		4BC4281F275157080047A850 /* Build configuration list for PBXProject "ScrollEdgeControl" */ = {
			isa = XCConfigurationList;
			buildConfigurations = (
				4BC4282A275157080047A850 /* Debug */,
				4BC4282B275157080047A850 /* Release */,
			);
			defaultConfigurationIsVisible = 0;
			defaultConfigurationName = Release;
		};
		4BC4282C275157080047A850 /* Build configuration list for PBXNativeTarget "ScrollEdgeControl" */ = {
			isa = XCConfigurationList;
			buildConfigurations = (
				4BC4282D275157080047A850 /* Debug */,
				4BC4282E275157080047A850 /* Release */,
			);
			defaultConfigurationIsVisible = 0;
			defaultConfigurationName = Release;
		};
		4BC42849275158250047A850 /* Build configuration list for PBXNativeTarget "ScrollEdgeControl-Demo" */ = {
			isa = XCConfigurationList;
			buildConfigurations = (
				4BC4284A275158250047A850 /* Debug */,
				4BC4284B275158250047A850 /* Release */,
			);
			defaultConfigurationIsVisible = 0;
			defaultConfigurationName = Release;
		};
/* End XCConfigurationList section */

/* Begin XCRemoteSwiftPackageReference section */
		4B39D04D2752740000D013F4 /* XCRemoteSwiftPackageReference "StackScrollView" */ = {
			isa = XCRemoteSwiftPackageReference;
			repositoryURL = "git@github.com:muukii/StackScrollView.git";
			requirement = {
				branch = master;
				kind = branch;
			};
		};
		4B5E52E327515E0A0075AE52 /* XCRemoteSwiftPackageReference "MondrianLayout" */ = {
			isa = XCRemoteSwiftPackageReference;
			repositoryURL = "https://github.com/muukii/MondrianLayout.git";
			requirement = {
				branch = main;
				kind = branch;
			};
		};
		4B66215D27515AD100509356 /* XCRemoteSwiftPackageReference "TypedTextAttributes" */ = {
			isa = XCRemoteSwiftPackageReference;
			repositoryURL = "git@github.com:muukii/TypedTextAttributes.git";
			requirement = {
				kind = upToNextMajorVersion;
				minimumVersion = 1.0.0;
			};
		};
		4B66216027515B1800509356 /* XCRemoteSwiftPackageReference "Storybook-ios" */ = {
			isa = XCRemoteSwiftPackageReference;
			repositoryURL = "git@github.com:eure/Storybook-ios.git";
			requirement = {
				kind = upToNextMajorVersion;
				minimumVersion = 1.0.0;
			};
		};
		4BC42831275157C00047A850 /* XCRemoteSwiftPackageReference "Advance" */ = {
			isa = XCRemoteSwiftPackageReference;
			repositoryURL = "git@github.com:timdonnelly/Advance.git";
			requirement = {
				kind = upToNextMajorVersion;
				minimumVersion = 3.0.0;
			};
		};
		4BC4284E275158F80047A850 /* XCRemoteSwiftPackageReference "RxSwift" */ = {
			isa = XCRemoteSwiftPackageReference;
			repositoryURL = "git@github.com:ReactiveX/RxSwift.git";
			requirement = {
				kind = upToNextMajorVersion;
				minimumVersion = 6.0.0;
			};
		};
/* End XCRemoteSwiftPackageReference section */

/* Begin XCSwiftPackageProductDependency section */
		4B39D04E2752740100D013F4 /* StackScrollView */ = {
			isa = XCSwiftPackageProductDependency;
			package = 4B39D04D2752740000D013F4 /* XCRemoteSwiftPackageReference "StackScrollView" */;
			productName = StackScrollView;
		};
		4B5E52E427515E0A0075AE52 /* MondrianLayout */ = {
			isa = XCSwiftPackageProductDependency;
			package = 4B5E52E327515E0A0075AE52 /* XCRemoteSwiftPackageReference "MondrianLayout" */;
			productName = MondrianLayout;
		};
		4B66215E27515AD100509356 /* TypedTextAttributes */ = {
			isa = XCSwiftPackageProductDependency;
			package = 4B66215D27515AD100509356 /* XCRemoteSwiftPackageReference "TypedTextAttributes" */;
			productName = TypedTextAttributes;
		};
		4B66216127515B1900509356 /* StorybookKit */ = {
			isa = XCSwiftPackageProductDependency;
			package = 4B66216027515B1800509356 /* XCRemoteSwiftPackageReference "Storybook-ios" */;
			productName = StorybookKit;
		};
		4B66216327515B1900509356 /* StorybookUI */ = {
			isa = XCSwiftPackageProductDependency;
			package = 4B66216027515B1800509356 /* XCRemoteSwiftPackageReference "Storybook-ios" */;
			productName = StorybookUI;
		};
		4BC42832275157C00047A850 /* Advance */ = {
			isa = XCSwiftPackageProductDependency;
			package = 4BC42831275157C00047A850 /* XCRemoteSwiftPackageReference "Advance" */;
			productName = Advance;
		};
		4BC4284F275158F80047A850 /* RxCocoa */ = {
			isa = XCSwiftPackageProductDependency;
			package = 4BC4284E275158F80047A850 /* XCRemoteSwiftPackageReference "RxSwift" */;
			productName = RxCocoa;
		};
		4BC42851275158F80047A850 /* RxRelay */ = {
			isa = XCSwiftPackageProductDependency;
			package = 4BC4284E275158F80047A850 /* XCRemoteSwiftPackageReference "RxSwift" */;
			productName = RxRelay;
		};
		4BC42853275158F80047A850 /* RxSwift */ = {
			isa = XCSwiftPackageProductDependency;
			package = 4BC4284E275158F80047A850 /* XCRemoteSwiftPackageReference "RxSwift" */;
			productName = RxSwift;
		};
/* End XCSwiftPackageProductDependency section */
	};
	rootObject = 4BC4281C275157080047A850 /* Project object */;
}
