{
  "object": {
    "pins": [
      {
        "package": "Advance",
        "repositoryURL": "git@github.com:timdonnelly/Advance.git",
        "state": {
          "branch": null,
          "revision": "0654131d602c85c58a4c89b2f95ad1ef2894f8fd",
          "version": "3.1.1"
        }
      },
      {
        "package": "MondrianLayout",
        "repositoryURL": "https://github.com/muukii/MondrianLayout.git",
        "state": {
          "branch": null,
          "revision": "ff3e642aeb95ffc6e494474b63403b99cccd6c8c",
          "version": "0.5.0"
        }
      },
      {
        "package": "RxSwift",
        "repositoryURL": "git@github.com:ReactiveX/RxSwift.git",
        "state": {
          "branch": null,
          "revision": "7c17a6ccca06b5c107cfa4284e634562ddaf5951",
          "version": "6.2.0"
        }
      },
      {
        "package": "Storybook",
        "repositoryURL": "git@github.com:eure/Storybook-ios.git",
        "state": {
          "branch": null,
          "revision": "e15ea90fd59c8351e9742b2b8837d05ed462bd74",
          "version": "1.8.1"
        }
      },
      {
        "package": "TypedTextAttributes",
        "repositoryURL": "git@github.com:muukii/TypedTextAttributes.git",
        "state": {
          "branch": null,
          "revision": "0f0986f98f3c81d455a48886561679245890782a",
          "version": "1.3.0"
        }
      }
    ]
  },
  "version": 1
}
